
Microsoft Visual Studio Solution File, Format Version 12.00
Project("{FAE04EC0-301F-11D3-BF4B-00C04F79EFBC}") = "BCat.Hosting.MinIO", "BCat.Hosting.MinIO\BCat.Hosting.MinIO.csproj", "{3FB2AC6D-0852-43A1-9877-67934F915ABE}"
EndProject
Global
	GlobalSection(SolutionConfigurationPlatforms) = preSolution
		Debug|Any CPU = Debug|Any CPU
		Release|Any CPU = Release|Any CPU
	EndGlobalSection
	GlobalSection(ProjectConfigurationPlatforms) = postSolution
		{3FB2AC6D-0852-43A1-9877-67934F915ABE}.Debug|Any CPU.ActiveCfg = Debug|Any CPU
		{3FB2AC6D-0852-43A1-9877-67934F915ABE}.Debug|Any CPU.Build.0 = Debug|Any CPU
		{3FB2AC6D-0852-43A1-9877-67934F915ABE}.Release|Any CPU.ActiveCfg = Release|Any CPU
		{3FB2AC6D-0852-43A1-9877-67934F915ABE}.Release|Any CPU.Build.0 = Release|Any CPU
	EndGlobalSection
EndGlobal
